// !$*UTF8*$!
{
	archiveVersion = 1;
	classes = {
	};
	objectVersion = 50;
	objects = {

/* Begin PBXBuildFile section */
		16E7ECB7D5CB5777BD725ADD9E92738F /* Pods-BigSpatialData-dummy.m in Sources */ = {isa = PBXBuildFile; fileRef = 90BAA61894DBDD0FA2055EF445484E9A /* Pods-BigSpatialData-dummy.m */; };
		1C1899436ED25EF5444803286D8E1605 /* ZQUtil.m in Sources */ = {isa = PBXBuildFile; fileRef = 8E3E1942960D60751A373F192E81EE91 /* ZQUtil.m */; };
		21B10576719D561EA42941C50D50D175 /* ZQAlterField-dummy.m in Sources */ = {isa = PBXBuildFile; fileRef = 9A9E5776F3E697F04278571B40F3C1EE /* ZQAlterField-dummy.m */; };
		516E9316FC8B439D9CA1EFCAE7347986 /* ZQUtil.h in Headers */ = {isa = PBXBuildFile; fileRef = CF7D39AFC3EAC5EC9F88D4C73C66A810 /* ZQUtil.h */; settings = {ATTRIBUTES = (Project, ); }; };
		94E744F8018C62C107FA8E053CEA7BA1 /* CoreGraphics.framework in Frameworks */ = {isa = PBXBuildFile; fileRef = AEC138D45F2CFD9EAAAA38B7CF0A8250 /* CoreGraphics.framework */; };
		B208DFD782346C6A1F400EAB2DF36455 /* QuartzCore.framework in Frameworks */ = {isa = PBXBuildFile; fileRef = 91494AC3C559D43BE60EB6298C7CB2D6 /* QuartzCore.framework */; };
		BB4081015DA88477E27A91FC9C713B0C /* MBProgressHUD.m in Sources */ = {isa = PBXBuildFile; fileRef = C9FE694E2917F96AC2D3C7D90DF975C6 /* MBProgressHUD.m */; };
		BE08FC3CA35C9B85C0B51D945646E7E3 /* MBProgressHUD.h in Headers */ = {isa = PBXBuildFile; fileRef = D595D0CCA6531E7CB975D10E0491798D /* MBProgressHUD.h */; settings = {ATTRIBUTES = (Project, ); }; };
		D669E6004423E44271C78E7FE5E5582B /* MBProgressHUD-dummy.m in Sources */ = {isa = PBXBuildFile; fileRef = 9C75DD68015C00D9F7A253982846AB14 /* MBProgressHUD-dummy.m */; };
		DDDEAB52A46D69CC87C1AD7180EBD0CD /* ZQAlterField.m in Sources */ = {isa = PBXBuildFile; fileRef = 6C64581D743D6AE2A585729137FD9BC9 /* ZQAlterField.m */; };
		F2CB43B4CC831E67DE332D98AAF484BD /* ZQAlterField.h in Headers */ = {isa = PBXBuildFile; fileRef = 3BF32B3DA2B19D765C5D82DD9806D6A1 /* ZQAlterField.h */; settings = {ATTRIBUTES = (Project, ); }; };
/* End PBXBuildFile section */

/* Begin PBXContainerItemProxy section */
		4B3CA6A2C6DBD75ADEC0E8483BD55D71 /* PBXContainerItemProxy */ = {
			isa = PBXContainerItemProxy;
			containerPortal = D41D8CD98F00B204E9800998ECF8427E /* Project object */;
			proxyType = 1;
			remoteGlobalIDString = 175B076ED45EB1A3E40F58BA14036467;
			remoteInfo = MBProgressHUD;
		};
		67561A204E4E06804BABAAB2FECE4D81 /* PBXContainerItemProxy */ = {
			isa = PBXContainerItemProxy;
			containerPortal = D41D8CD98F00B204E9800998ECF8427E /* Project object */;
			proxyType = 1;
			remoteGlobalIDString = 175B076ED45EB1A3E40F58BA14036467;
			remoteInfo = MBProgressHUD;
		};
		970C24FBFD011AB74E840CF21694E624 /* PBXContainerItemProxy */ = {
			isa = PBXContainerItemProxy;
			containerPortal = D41D8CD98F00B204E9800998ECF8427E /* Project object */;
			proxyType = 1;
			remoteGlobalIDString = C3CF399B58B74D005F50AB8550320E72;
			remoteInfo = ZQAlterField;
		};
/* End PBXContainerItemProxy section */

/* Begin PBXFileReference section */
		16609578A45BE90FD9B5482183F25757 /* Pods-BigSpatialData-resources.sh */ = {isa = PBXFileReference; includeInIndex = 1; lastKnownFileType = text.script.sh; path = "Pods-BigSpatialData-resources.sh"; sourceTree = "<group>"; };
		17EFC3C95900068D90A24A09130DB681 /* Pods-BigSpatialData.debug.xcconfig */ = {isa = PBXFileReference; includeInIndex = 1; lastKnownFileType = text.xcconfig; path = "Pods-BigSpatialData.debug.xcconfig"; sourceTree = "<group>"; };
		198EE97C797EB3C40312C0771D577A5F /* Pods-BigSpatialData.release.xcconfig */ = {isa = PBXFileReference; includeInIndex = 1; lastKnownFileType = text.xcconfig; path = "Pods-BigSpatialData.release.xcconfig"; sourceTree = "<group>"; };
		2CD7CA1E59E5CA90FEC754A262CA6B51 /* ZQAlterField-prefix.pch */ = {isa = PBXFileReference; includeInIndex = 1; lastKnownFileType = sourcecode.c.h; path = "ZQAlterField-prefix.pch"; sourceTree = "<group>"; };
		3BF32B3DA2B19D765C5D82DD9806D6A1 /* ZQAlterField.h */ = {isa = PBXFileReference; includeInIndex = 1; lastKnownFileType = sourcecode.c.h; name = ZQAlterField.h; path = ZQAlterField/ZQAlterField.h; sourceTree = "<group>"; };
		52F770A31264B3547E151CAEB2F7387F /* libMBProgressHUD.a */ = {isa = PBXFileReference; explicitFileType = archive.ar; includeInIndex = 0; name = libMBProgressHUD.a; path = libMBProgressHUD.a; sourceTree = BUILT_PRODUCTS_DIR; };
		5F6E8483FF0016C936983A33836246E4 /* ZQAlterField.xcconfig */ = {isa = PBXFileReference; includeInIndex = 1; lastKnownFileType = text.xcconfig; path = ZQAlterField.xcconfig; sourceTree = "<group>"; };
		6C64581D743D6AE2A585729137FD9BC9 /* ZQAlterField.m */ = {isa = PBXFileReference; includeInIndex = 1; lastKnownFileType = sourcecode.c.objc; name = ZQAlterField.m; path = ZQAlterField/ZQAlterField.m; sourceTree = "<group>"; };
		760F988A9B101A00F0D12B4888EA58A2 /* MBProgressHUD.xcconfig */ = {isa = PBXFileReference; includeInIndex = 1; lastKnownFileType = text.xcconfig; path = MBProgressHUD.xcconfig; sourceTree = "<group>"; };
		7F98880212362F402013CC59ECE3ADF6 /* Pods-BigSpatialData-acknowledgements.markdown */ = {isa = PBXFileReference; includeInIndex = 1; lastKnownFileType = text; path = "Pods-BigSpatialData-acknowledgements.markdown"; sourceTree = "<group>"; };
		8E3E1942960D60751A373F192E81EE91 /* ZQUtil.m */ = {isa = PBXFileReference; includeInIndex = 1; lastKnownFileType = sourcecode.c.objc; name = ZQUtil.m; path = ZQAlterField/ZQUtil.m; sourceTree = "<group>"; };
		8EFAA911A3CF89767091B2B511C16B1A /* libPods-BigSpatialData.a */ = {isa = PBXFileReference; explicitFileType = archive.ar; includeInIndex = 0; name = "libPods-BigSpatialData.a"; path = "libPods-BigSpatialData.a"; sourceTree = BUILT_PRODUCTS_DIR; };
		90BAA61894DBDD0FA2055EF445484E9A /* Pods-BigSpatialData-dummy.m */ = {isa = PBXFileReference; includeInIndex = 1; lastKnownFileType = sourcecode.c.objc; path = "Pods-BigSpatialData-dummy.m"; sourceTree = "<group>"; };
		91494AC3C559D43BE60EB6298C7CB2D6 /* QuartzCore.framework */ = {isa = PBXFileReference; lastKnownFileType = wrapper.framework; name = QuartzCore.framework; path = Platforms/iPhoneOS.platform/Developer/SDKs/iPhoneOS11.3.sdk/System/Library/Frameworks/QuartzCore.framework; sourceTree = DEVELOPER_DIR; };
		93A4A3777CF96A4AAC1D13BA6DCCEA73 /* Podfile */ = {isa = PBXFileReference; explicitFileType = text.script.ruby; includeInIndex = 1; lastKnownFileType = text; name = Podfile; path = ../Podfile; sourceTree = SOURCE_ROOT; xcLanguageSpecificationIdentifier = xcode.lang.ruby; };
		9A9E5776F3E697F04278571B40F3C1EE /* ZQAlterField-dummy.m */ = {isa = PBXFileReference; includeInIndex = 1; lastKnownFileType = sourcecode.c.objc; path = "ZQAlterField-dummy.m"; sourceTree = "<group>"; };
		9C75DD68015C00D9F7A253982846AB14 /* MBProgressHUD-dummy.m */ = {isa = PBXFileReference; includeInIndex = 1; lastKnownFileType = sourcecode.c.objc; path = "MBProgressHUD-dummy.m"; sourceTree = "<group>"; };
		AEC138D45F2CFD9EAAAA38B7CF0A8250 /* CoreGraphics.framework */ = {isa = PBXFileReference; lastKnownFileType = wrapper.framework; name = CoreGraphics.framework; path = Platforms/iPhoneOS.platform/Developer/SDKs/iPhoneOS11.3.sdk/System/Library/Frameworks/CoreGraphics.framework; sourceTree = DEVELOPER_DIR; };
		C59B3DE8116673D1AC8D4981EAE28B97 /* ZQ_Close@2x.png */ = {isa = PBXFileReference; includeInIndex = 1; lastKnownFileType = image.png; name = "ZQ_Close@2x.png"; path = "ZQAlterField/ZQ_Close@2x.png"; sourceTree = "<group>"; };
		C9FE694E2917F96AC2D3C7D90DF975C6 /* MBProgressHUD.m */ = {isa = PBXFileReference; includeInIndex = 1; lastKnownFileType = sourcecode.c.objc; path = MBProgressHUD.m; sourceTree = "<group>"; };
		CB668318D8DC2DEAF095D5BEC715804A /* libZQAlterField.a */ = {isa = PBXFileReference; explicitFileType = archive.ar; includeInIndex = 0; name = libZQAlterField.a; path = libZQAlterField.a; sourceTree = BUILT_PRODUCTS_DIR; };
		CF7D39AFC3EAC5EC9F88D4C73C66A810 /* ZQUtil.h */ = {isa = PBXFileReference; includeInIndex = 1; lastKnownFileType = sourcecode.c.h; name = ZQUtil.h; path = ZQAlterField/ZQUtil.h; sourceTree = "<group>"; };
		D06C0E300D2CADFF78CA863D1A817C30 /* Pods-BigSpatialData-acknowledgements.plist */ = {isa = PBXFileReference; includeInIndex = 1; lastKnownFileType = text.plist.xml; path = "Pods-BigSpatialData-acknowledgements.plist"; sourceTree = "<group>"; };
		D595D0CCA6531E7CB975D10E0491798D /* MBProgressHUD.h */ = {isa = PBXFileReference; includeInIndex = 1; lastKnownFileType = sourcecode.c.h; path = MBProgressHUD.h; sourceTree = "<group>"; };
		E78260899591B49B811A10D70FE57105 /* Pods-BigSpatialData-frameworks.sh */ = {isa = PBXFileReference; includeInIndex = 1; lastKnownFileType = text.script.sh; path = "Pods-BigSpatialData-frameworks.sh"; sourceTree = "<group>"; };
		F23D45C2E6156810F872209760E05A98 /* ZQAlterField.xib */ = {isa = PBXFileReference; includeInIndex = 1; lastKnownFileType = file.xib; name = ZQAlterField.xib; path = ZQAlterField/ZQAlterField.xib; sourceTree = "<group>"; };
		F27483968E9F30E13853A81BB8DE1487 /* MBProgressHUD-prefix.pch */ = {isa = PBXFileReference; includeInIndex = 1; lastKnownFileType = sourcecode.c.h; path = "MBProgressHUD-prefix.pch"; sourceTree = "<group>"; };
/* End PBXFileReference section */

/* Begin PBXFrameworksBuildPhase section */
		54A320E60D147224E3BED6F99F4B437C /* Frameworks */ = {
			isa = PBXFrameworksBuildPhase;
			buildActionMask = 2147483647;
			files = (
				94E744F8018C62C107FA8E053CEA7BA1 /* CoreGraphics.framework in Frameworks */,
				B208DFD782346C6A1F400EAB2DF36455 /* QuartzCore.framework in Frameworks */,
			);
			runOnlyForDeploymentPostprocessing = 0;
		};
		87A822CAC19096FA767233750FD23FEF /* Frameworks */ = {
			isa = PBXFrameworksBuildPhase;
			buildActionMask = 2147483647;
			files = (
			);
			runOnlyForDeploymentPostprocessing = 0;
		};
		8D6A874F20188487355D692F8400EFF6 /* Frameworks */ = {
			isa = PBXFrameworksBuildPhase;
			buildActionMask = 2147483647;
			files = (
			);
			runOnlyForDeploymentPostprocessing = 0;
		};
/* End PBXFrameworksBuildPhase section */

/* Begin PBXGroup section */
		11685B6F2A157011C80200090D08D317 /* iOS */ = {
			isa = PBXGroup;
			children = (
				AEC138D45F2CFD9EAAAA38B7CF0A8250 /* CoreGraphics.framework */,
				91494AC3C559D43BE60EB6298C7CB2D6 /* QuartzCore.framework */,
			);
			name = iOS;
			sourceTree = "<group>";
		};
		1DD5AA67335A8BFB2EA98EE825DF76A4 /* Products */ = {
			isa = PBXGroup;
			children = (
				52F770A31264B3547E151CAEB2F7387F /* libMBProgressHUD.a */,
				8EFAA911A3CF89767091B2B511C16B1A /* libPods-BigSpatialData.a */,
				CB668318D8DC2DEAF095D5BEC715804A /* libZQAlterField.a */,
			);
			name = Products;
			sourceTree = "<group>";
		};
		2D506BC3F3639A619D32FE3315CC8366 /* ZQAlterField */ = {
			isa = PBXGroup;
			children = (
				3BF32B3DA2B19D765C5D82DD9806D6A1 /* ZQAlterField.h */,
				6C64581D743D6AE2A585729137FD9BC9 /* ZQAlterField.m */,
				CF7D39AFC3EAC5EC9F88D4C73C66A810 /* ZQUtil.h */,
				8E3E1942960D60751A373F192E81EE91 /* ZQUtil.m */,
				E42A004210C910B1D0B7360906BCEC24 /* Resources */,
				BEADF346118B96A6DFE30C03C8700FF6 /* Support Files */,
			);
			name = ZQAlterField;
			path = ZQAlterField;
			sourceTree = "<group>";
		};
		3E5D86E9029D424C25A3AAAE5EE57E9A /* Pods */ = {
			isa = PBXGroup;
			children = (
				A28D70F3CC2FA04559B64E5112BAEC0E /* MBProgressHUD */,
				2D506BC3F3639A619D32FE3315CC8366 /* ZQAlterField */,
			);
			name = Pods;
			sourceTree = "<group>";
		};
		433CD3331B6C3787F473C941B61FC68F /* Frameworks */ = {
			isa = PBXGroup;
			children = (
				11685B6F2A157011C80200090D08D317 /* iOS */,
			);
			name = Frameworks;
			sourceTree = "<group>";
		};
		4C89950CCA11600E04CE594085F313DB /* Support Files */ = {
			isa = PBXGroup;
			children = (
				760F988A9B101A00F0D12B4888EA58A2 /* MBProgressHUD.xcconfig */,
				9C75DD68015C00D9F7A253982846AB14 /* MBProgressHUD-dummy.m */,
				F27483968E9F30E13853A81BB8DE1487 /* MBProgressHUD-prefix.pch */,
			);
			name = "Support Files";
			path = "../Target Support Files/MBProgressHUD";
			sourceTree = "<group>";
		};
		7DB346D0F39D3F0E887471402A8071AB = {
			isa = PBXGroup;
			children = (
				93A4A3777CF96A4AAC1D13BA6DCCEA73 /* Podfile */,
				433CD3331B6C3787F473C941B61FC68F /* Frameworks */,
				3E5D86E9029D424C25A3AAAE5EE57E9A /* Pods */,
				1DD5AA67335A8BFB2EA98EE825DF76A4 /* Products */,
				834A23CEB4DAF7F8FB2FB57360C67DCF /* Targets Support Files */,
			);
			sourceTree = "<group>";
		};
		834A23CEB4DAF7F8FB2FB57360C67DCF /* Targets Support Files */ = {
			isa = PBXGroup;
			children = (
				C4CA909515DCACD53D0B46964B66A713 /* Pods-BigSpatialData */,
			);
			name = "Targets Support Files";
			sourceTree = "<group>";
		};
		A28D70F3CC2FA04559B64E5112BAEC0E /* MBProgressHUD */ = {
			isa = PBXGroup;
			children = (
				D595D0CCA6531E7CB975D10E0491798D /* MBProgressHUD.h */,
				C9FE694E2917F96AC2D3C7D90DF975C6 /* MBProgressHUD.m */,
				4C89950CCA11600E04CE594085F313DB /* Support Files */,
			);
			name = MBProgressHUD;
			path = MBProgressHUD;
			sourceTree = "<group>";
		};
		BEADF346118B96A6DFE30C03C8700FF6 /* Support Files */ = {
			isa = PBXGroup;
			children = (
				5F6E8483FF0016C936983A33836246E4 /* ZQAlterField.xcconfig */,
				9A9E5776F3E697F04278571B40F3C1EE /* ZQAlterField-dummy.m */,
				2CD7CA1E59E5CA90FEC754A262CA6B51 /* ZQAlterField-prefix.pch */,
			);
			name = "Support Files";
			path = "../Target Support Files/ZQAlterField";
			sourceTree = "<group>";
		};
		C4CA909515DCACD53D0B46964B66A713 /* Pods-BigSpatialData */ = {
			isa = PBXGroup;
			children = (
				7F98880212362F402013CC59ECE3ADF6 /* Pods-BigSpatialData-acknowledgements.markdown */,
				D06C0E300D2CADFF78CA863D1A817C30 /* Pods-BigSpatialData-acknowledgements.plist */,
				90BAA61894DBDD0FA2055EF445484E9A /* Pods-BigSpatialData-dummy.m */,
				E78260899591B49B811A10D70FE57105 /* Pods-BigSpatialData-frameworks.sh */,
				16609578A45BE90FD9B5482183F25757 /* Pods-BigSpatialData-resources.sh */,
				17EFC3C95900068D90A24A09130DB681 /* Pods-BigSpatialData.debug.xcconfig */,
				198EE97C797EB3C40312C0771D577A5F /* Pods-BigSpatialData.release.xcconfig */,
			);
			name = "Pods-BigSpatialData";
			path = "Target Support Files/Pods-BigSpatialData";
			sourceTree = "<group>";
		};
		E42A004210C910B1D0B7360906BCEC24 /* Resources */ = {
			isa = PBXGroup;
			children = (
				C59B3DE8116673D1AC8D4981EAE28B97 /* ZQ_Close@2x.png */,
				F23D45C2E6156810F872209760E05A98 /* ZQAlterField.xib */,
			);
			name = Resources;
			sourceTree = "<group>";
		};
/* End PBXGroup section */

/* Begin PBXHeadersBuildPhase section */
		E6415D8118FD3C961B4EE6FD226763AD /* Headers */ = {
			isa = PBXHeadersBuildPhase;
			buildActionMask = 2147483647;
			files = (
				F2CB43B4CC831E67DE332D98AAF484BD /* ZQAlterField.h in Headers */,
				516E9316FC8B439D9CA1EFCAE7347986 /* ZQUtil.h in Headers */,
			);
			runOnlyForDeploymentPostprocessing = 0;
		};
		EFC33D369E9A80BFCC07EAB513251186 /* Headers */ = {
			isa = PBXHeadersBuildPhase;
			buildActionMask = 2147483647;
			files = (
				BE08FC3CA35C9B85C0B51D945646E7E3 /* MBProgressHUD.h in Headers */,
			);
			runOnlyForDeploymentPostprocessing = 0;
		};
/* End PBXHeadersBuildPhase section */

/* Begin PBXNativeTarget section */
		175B076ED45EB1A3E40F58BA14036467 /* MBProgressHUD */ = {
			isa = PBXNativeTarget;
			buildConfigurationList = 7C66CB3E04875BC1C255326C7ADB2D78 /* Build configuration list for PBXNativeTarget "MBProgressHUD" */;
			buildPhases = (
				F8A85461B9C4DE8B6DF401D993570773 /* Sources */,
				54A320E60D147224E3BED6F99F4B437C /* Frameworks */,
				EFC33D369E9A80BFCC07EAB513251186 /* Headers */,
			);
			buildRules = (
			);
			dependencies = (
			);
			name = MBProgressHUD;
			productName = MBProgressHUD;
			productReference = 52F770A31264B3547E151CAEB2F7387F /* libMBProgressHUD.a */;
			productType = "com.apple.product-type.library.static";
		};
		A71EE8D9755E6AFB28FFF038ECAFC96C /* Pods-BigSpatialData */ = {
			isa = PBXNativeTarget;
			buildConfigurationList = E461BF61F8EB05D46F37E78FEA5EAE39 /* Build configuration list for PBXNativeTarget "Pods-BigSpatialData" */;
			buildPhases = (
				013AD108B28DFC1E1683559D253888C9 /* Sources */,
				8D6A874F20188487355D692F8400EFF6 /* Frameworks */,
			);
			buildRules = (
			);
			dependencies = (
				A51FA488BB3435151CA24EC1170AAD3F /* PBXTargetDependency */,
				C51B2D9E95BEFB56DE0C2348CE56A34A /* PBXTargetDependency */,
			);
			name = "Pods-BigSpatialData";
			productName = "Pods-BigSpatialData";
			productReference = 8EFAA911A3CF89767091B2B511C16B1A /* libPods-BigSpatialData.a */;
			productType = "com.apple.product-type.library.static";
		};
		C3CF399B58B74D005F50AB8550320E72 /* ZQAlterField */ = {
			isa = PBXNativeTarget;
			buildConfigurationList = 467F66413A02E9DF0186BA001388A35B /* Build configuration list for PBXNativeTarget "ZQAlterField" */;
			buildPhases = (
				16211A270EC50F664FC68A35CC594FD0 /* Sources */,
				87A822CAC19096FA767233750FD23FEF /* Frameworks */,
				E6415D8118FD3C961B4EE6FD226763AD /* Headers */,
			);
			buildRules = (
			);
			dependencies = (
				56D0F8FA3D615AA41831530082723D64 /* PBXTargetDependency */,
			);
			name = ZQAlterField;
			productName = ZQAlterField;
			productReference = CB668318D8DC2DEAF095D5BEC715804A /* libZQAlterField.a */;
			productType = "com.apple.product-type.library.static";
		};
/* End PBXNativeTarget section */

/* Begin PBXProject section */
		D41D8CD98F00B204E9800998ECF8427E /* Project object */ = {
			isa = PBXProject;
			attributes = {
				LastSwiftUpdateCheck = 0930;
				LastUpgradeCheck = 0930;
			};
			buildConfigurationList = 2D8E8EC45A3A1A1D94AE762CB5028504 /* Build configuration list for PBXProject "Pods" */;
			compatibilityVersion = "Xcode 3.2";
			developmentRegion = English;
			hasScannedForEncodings = 0;
			knownRegions = (
				en,
			);
			mainGroup = 7DB346D0F39D3F0E887471402A8071AB;
			productRefGroup = 1DD5AA67335A8BFB2EA98EE825DF76A4 /* Products */;
			projectDirPath = "";
			projectRoot = "";
			targets = (
				175B076ED45EB1A3E40F58BA14036467 /* MBProgressHUD */,
				A71EE8D9755E6AFB28FFF038ECAFC96C /* Pods-BigSpatialData */,
				C3CF399B58B74D005F50AB8550320E72 /* ZQAlterField */,
			);
		};
/* End PBXProject section */

/* Begin PBXSourcesBuildPhase section */
		013AD108B28DFC1E1683559D253888C9 /* Sources */ = {
			isa = PBXSourcesBuildPhase;
			buildActionMask = 2147483647;
			files = (
				16E7ECB7D5CB5777BD725ADD9E92738F /* Pods-BigSpatialData-dummy.m in Sources */,
			);
			runOnlyForDeploymentPostprocessing = 0;
		};
		16211A270EC50F664FC68A35CC594FD0 /* Sources */ = {
			isa = PBXSourcesBuildPhase;
			buildActionMask = 2147483647;
			files = (
				21B10576719D561EA42941C50D50D175 /* ZQAlterField-dummy.m in Sources */,
				DDDEAB52A46D69CC87C1AD7180EBD0CD /* ZQAlterField.m in Sources */,
				1C1899436ED25EF5444803286D8E1605 /* ZQUtil.m in Sources */,
			);
			runOnlyForDeploymentPostprocessing = 0;
		};
		F8A85461B9C4DE8B6DF401D993570773 /* Sources */ = {
			isa = PBXSourcesBuildPhase;
			buildActionMask = 2147483647;
			files = (
				D669E6004423E44271C78E7FE5E5582B /* MBProgressHUD-dummy.m in Sources */,
				BB4081015DA88477E27A91FC9C713B0C /* MBProgressHUD.m in Sources */,
			);
			runOnlyForDeploymentPostprocessing = 0;
		};
/* End PBXSourcesBuildPhase section */

/* Begin PBXTargetDependency section */
		56D0F8FA3D615AA41831530082723D64 /* PBXTargetDependency */ = {
			isa = PBXTargetDependency;
			name = MBProgressHUD;
			target = 175B076ED45EB1A3E40F58BA14036467 /* MBProgressHUD */;
			targetProxy = 67561A204E4E06804BABAAB2FECE4D81 /* PBXContainerItemProxy */;
		};
		A51FA488BB3435151CA24EC1170AAD3F /* PBXTargetDependency */ = {
			isa = PBXTargetDependency;
			name = MBProgressHUD;
			target = 175B076ED45EB1A3E40F58BA14036467 /* MBProgressHUD */;
			targetProxy = 4B3CA6A2C6DBD75ADEC0E8483BD55D71 /* PBXContainerItemProxy */;
		};
		C51B2D9E95BEFB56DE0C2348CE56A34A /* PBXTargetDependency */ = {
			isa = PBXTargetDependency;
			name = ZQAlterField;
			target = C3CF399B58B74D005F50AB8550320E72 /* ZQAlterField */;
			targetProxy = 970C24FBFD011AB74E840CF21694E624 /* PBXContainerItemProxy */;
		};
/* End PBXTargetDependency section */

/* Begin XCBuildConfiguration section */
		5D5913696E77DF8B520764D932E389B3 /* Release */ = {
			isa = XCBuildConfiguration;
			baseConfigurationReference = 5F6E8483FF0016C936983A33836246E4 /* ZQAlterField.xcconfig */;
			buildSettings = {
				CODE_SIGN_IDENTITY = "iPhone Developer";
				"CODE_SIGN_IDENTITY[sdk=appletvos*]" = "";
				"CODE_SIGN_IDENTITY[sdk=iphoneos*]" = "";
				"CODE_SIGN_IDENTITY[sdk=watchos*]" = "";
				GCC_PREFIX_HEADER = "Target Support Files/ZQAlterField/ZQAlterField-prefix.pch";
				IPHONEOS_DEPLOYMENT_TARGET = 8.0;
				OTHER_LDFLAGS = "";
				OTHER_LIBTOOLFLAGS = "";
				PRIVATE_HEADERS_FOLDER_PATH = "";
				PRODUCT_MODULE_NAME = ZQAlterField;
				PRODUCT_NAME = ZQAlterField;
				PUBLIC_HEADERS_FOLDER_PATH = "";
				SDKROOT = iphoneos;
				SKIP_INSTALL = YES;
				SWIFT_ACTIVE_COMPILATION_CONDITIONS = "$(inherited) ";
				TARGETED_DEVICE_FAMILY = "1,2";
				VALIDATE_PRODUCT = YES;
			};
			name = Release;
		};
		6587187038F7F8842A53ED9818163867 /* Release */ = {
			isa = XCBuildConfiguration;
			baseConfigurationReference = 760F988A9B101A00F0D12B4888EA58A2 /* MBProgressHUD.xcconfig */;
			buildSettings = {
				CODE_SIGN_IDENTITY = "iPhone Developer";
				"CODE_SIGN_IDENTITY[sdk=appletvos*]" = "";
				"CODE_SIGN_IDENTITY[sdk=iphoneos*]" = "";
				"CODE_SIGN_IDENTITY[sdk=watchos*]" = "";
				GCC_PREFIX_HEADER = "Target Support Files/MBProgressHUD/MBProgressHUD-prefix.pch";
				IPHONEOS_DEPLOYMENT_TARGET = 8.0;
				OTHER_LDFLAGS = "";
				OTHER_LIBTOOLFLAGS = "";
				PRIVATE_HEADERS_FOLDER_PATH = "";
				PRODUCT_MODULE_NAME = MBProgressHUD;
				PRODUCT_NAME = MBProgressHUD;
				PUBLIC_HEADERS_FOLDER_PATH = "";
				SDKROOT = iphoneos;
				SKIP_INSTALL = YES;
				SWIFT_ACTIVE_COMPILATION_CONDITIONS = "$(inherited) ";
				TARGETED_DEVICE_FAMILY = "1,2";
				VALIDATE_PRODUCT = YES;
			};
			name = Release;
		};
		AF7E506C324C754453D69E51EAFB5262 /* Debug */ = {
			isa = XCBuildConfiguration;
			baseConfigurationReference = 760F988A9B101A00F0D12B4888EA58A2 /* MBProgressHUD.xcconfig */;
			buildSettings = {
				CODE_SIGN_IDENTITY = "iPhone Developer";
				"CODE_SIGN_IDENTITY[sdk=appletvos*]" = "";
				"CODE_SIGN_IDENTITY[sdk=iphoneos*]" = "";
				"CODE_SIGN_IDENTITY[sdk=watchos*]" = "";
				GCC_PREFIX_HEADER = "Target Support Files/MBProgressHUD/MBProgressHUD-prefix.pch";
				IPHONEOS_DEPLOYMENT_TARGET = 8.0;
				OTHER_LDFLAGS = "";
				OTHER_LIBTOOLFLAGS = "";
				PRIVATE_HEADERS_FOLDER_PATH = "";
				PRODUCT_MODULE_NAME = MBProgressHUD;
				PRODUCT_NAME = MBProgressHUD;
				PUBLIC_HEADERS_FOLDER_PATH = "";
				SDKROOT = iphoneos;
				SKIP_INSTALL = YES;
				SWIFT_ACTIVE_COMPILATION_CONDITIONS = "$(inherited) ";
				TARGETED_DEVICE_FAMILY = "1,2";
			};
			name = Debug;
		};
		B40761824F7B5E8224364E4604FFD89F /* Debug */ = {
			isa = XCBuildConfiguration;
			baseConfigurationReference = 5F6E8483FF0016C936983A33836246E4 /* ZQAlterField.xcconfig */;
			buildSettings = {
				CODE_SIGN_IDENTITY = "iPhone Developer";
				"CODE_SIGN_IDENTITY[sdk=appletvos*]" = "";
				"CODE_SIGN_IDENTITY[sdk=iphoneos*]" = "";
				"CODE_SIGN_IDENTITY[sdk=watchos*]" = "";
				GCC_PREFIX_HEADER = "Target Support Files/ZQAlterField/ZQAlterField-prefix.pch";
				IPHONEOS_DEPLOYMENT_TARGET = 8.0;
				OTHER_LDFLAGS = "";
				OTHER_LIBTOOLFLAGS = "";
				PRIVATE_HEADERS_FOLDER_PATH = "";
				PRODUCT_MODULE_NAME = ZQAlterField;
				PRODUCT_NAME = ZQAlterField;
				PUBLIC_HEADERS_FOLDER_PATH = "";
				SDKROOT = iphoneos;
				SKIP_INSTALL = YES;
				SWIFT_ACTIVE_COMPILATION_CONDITIONS = "$(inherited) ";
				TARGETED_DEVICE_FAMILY = "1,2";
			};
			name = Debug;
		};
		C88242DEFC65754C812D5537274AFB42 /* Release */ = {
			isa = XCBuildConfiguration;
			baseConfigurationReference = 198EE97C797EB3C40312C0771D577A5F /* Pods-BigSpatialData.release.xcconfig */;
			buildSettings = {
				ALWAYS_EMBED_SWIFT_STANDARD_LIBRARIES = NO;
				CLANG_ENABLE_OBJC_WEAK = NO;
				CODE_SIGN_IDENTITY = "iPhone Developer";
				"CODE_SIGN_IDENTITY[sdk=appletvos*]" = "";
				"CODE_SIGN_IDENTITY[sdk=iphoneos*]" = "";
				"CODE_SIGN_IDENTITY[sdk=watchos*]" = "";
				IPHONEOS_DEPLOYMENT_TARGET = 12.2;
				MACH_O_TYPE = staticlib;
				OTHER_LDFLAGS = "";
				OTHER_LIBTOOLFLAGS = "";
				PODS_ROOT = "$(SRCROOT)";
				PRODUCT_BUNDLE_IDENTIFIER = "org.cocoapods.${PRODUCT_NAME:rfc1034identifier}";
				SDKROOT = iphoneos;
				SKIP_INSTALL = YES;
				TARGETED_DEVICE_FAMILY = "1,2";
				VALIDATE_PRODUCT = YES;
			};
			name = Release;
		};
		FA39F93BCC98288C75B07575327D1A76 /* Release */ = {
			isa = XCBuildConfiguration;
			buildSettings = {
				ALWAYS_SEARCH_USER_PATHS = NO;
				CLANG_ANALYZER_NONNULL = YES;
				CLANG_ANALYZER_NUMBER_OBJECT_CONVERSION = YES_AGGRESSIVE;
				CLANG_CXX_LANGUAGE_STANDARD = "gnu++14";
				CLANG_CXX_LIBRARY = "libc++";
				CLANG_ENABLE_MODULES = YES;
				CLANG_ENABLE_OBJC_ARC = YES;
				CLANG_ENABLE_OBJC_WEAK = YES;
				CLANG_WARN_BLOCK_CAPTURE_AUTORELEASING = YES;
				CLANG_WARN_BOOL_CONVERSION = YES;
				CLANG_WARN_COMMA = YES;
				CLANG_WARN_CONSTANT_CONVERSION = YES;
				CLANG_WARN_DEPRECATED_OBJC_IMPLEMENTATIONS = YES;
				CLANG_WARN_DIRECT_OBJC_ISA_USAGE = YES_ERROR;
				CLANG_WARN_DOCUMENTATION_COMMENTS = YES;
				CLANG_WARN_EMPTY_BODY = YES;
				CLANG_WARN_ENUM_CONVERSION = YES;
				CLANG_WARN_INFINITE_RECURSION = YES;
				CLANG_WARN_INT_CONVERSION = YES;
				CLANG_WARN_NON_LITERAL_NULL_CONVERSION = YES;
				CLANG_WARN_OBJC_IMPLICIT_RETAIN_SELF = YES;
				CLANG_WARN_OBJC_LITERAL_CONVERSION = YES;
				CLANG_WARN_OBJC_ROOT_CLASS = YES_ERROR;
				CLANG_WARN_RANGE_LOOP_ANALYSIS = YES;
				CLANG_WARN_STRICT_PROTOTYPES = YES;
				CLANG_WARN_SUSPICIOUS_MOVE = YES;
				CLANG_WARN_UNGUARDED_AVAILABILITY = YES_AGGRESSIVE;
				CLANG_WARN_UNREACHABLE_CODE = YES;
				CLANG_WARN__DUPLICATE_METHOD_MATCH = YES;
				CODE_SIGNING_ALLOWED = NO;
				CODE_SIGNING_REQUIRED = NO;
				COPY_PHASE_STRIP = NO;
				DEBUG_INFORMATION_FORMAT = "dwarf-with-dsym";
				ENABLE_NS_ASSERTIONS = NO;
				ENABLE_STRICT_OBJC_MSGSEND = YES;
				GCC_C_LANGUAGE_STANDARD = gnu11;
				GCC_NO_COMMON_BLOCKS = YES;
				GCC_PREPROCESSOR_DEFINITIONS = (
					"POD_CONFIGURATION_RELEASE=1",
					"$(inherited)",
				);
				GCC_WARN_64_TO_32_BIT_CONVERSION = YES;
				GCC_WARN_ABOUT_RETURN_TYPE = YES_ERROR;
				GCC_WARN_UNDECLARED_SELECTOR = YES;
				GCC_WARN_UNINITIALIZED_AUTOS = YES_AGGRESSIVE;
				GCC_WARN_UNUSED_FUNCTION = YES;
				GCC_WARN_UNUSED_VARIABLE = YES;
				IPHONEOS_DEPLOYMENT_TARGET = 12.2;
				MTL_ENABLE_DEBUG_INFO = NO;
				PRODUCT_NAME = "$(TARGET_NAME)";
				STRIP_INSTALLED_PRODUCT = NO;
				SYMROOT = "${SRCROOT}/../build";
			};
			name = Release;
		};
		FD491F8E9754A3C562FE7B2CF7550B40 /* Debug */ = {
			isa = XCBuildConfiguration;
			baseConfigurationReference = 17EFC3C95900068D90A24A09130DB681 /* Pods-BigSpatialData.debug.xcconfig */;
			buildSettings = {
				ALWAYS_EMBED_SWIFT_STANDARD_LIBRARIES = NO;
				CLANG_ENABLE_OBJC_WEAK = NO;
				CODE_SIGN_IDENTITY = "iPhone Developer";
				"CODE_SIGN_IDENTITY[sdk=appletvos*]" = "";
				"CODE_SIGN_IDENTITY[sdk=iphoneos*]" = "";
				"CODE_SIGN_IDENTITY[sdk=watchos*]" = "";
				IPHONEOS_DEPLOYMENT_TARGET = 12.2;
				MACH_O_TYPE = staticlib;
				OTHER_LDFLAGS = "";
				OTHER_LIBTOOLFLAGS = "";
				PODS_ROOT = "$(SRCROOT)";
				PRODUCT_BUNDLE_IDENTIFIER = "org.cocoapods.${PRODUCT_NAME:rfc1034identifier}";
				SDKROOT = iphoneos;
				SKIP_INSTALL = YES;
				TARGETED_DEVICE_FAMILY = "1,2";
			};
			name = Debug;
		};
		FEB52B20EEB50135A85E1727D4046F94 /* Debug */ = {
			isa = XCBuildConfiguration;
			buildSettings = {
				ALWAYS_SEARCH_USER_PATHS = NO;
				CLANG_ANALYZER_NONNULL = YES;
				CLANG_ANALYZER_NUMBER_OBJECT_CONVERSION = YES_AGGRESSIVE;
				CLANG_CXX_LANGUAGE_STANDARD = "gnu++14";
				CLANG_CXX_LIBRARY = "libc++";
				CLANG_ENABLE_MODULES = YES;
				CLANG_ENABLE_OBJC_ARC = YES;
				CLANG_ENABLE_OBJC_WEAK = YES;
				CLANG_WARN_BLOCK_CAPTURE_AUTORELEASING = YES;
				CLANG_WARN_BOOL_CONVERSION = YES;
				CLANG_WARN_COMMA = YES;
				CLANG_WARN_CONSTANT_CONVERSION = YES;
				CLANG_WARN_DEPRECATED_OBJC_IMPLEMENTATIONS = YES;
				CLANG_WARN_DIRECT_OBJC_ISA_USAGE = YES_ERROR;
				CLANG_WARN_DOCUMENTATION_COMMENTS = YES;
				CLANG_WARN_EMPTY_BODY = YES;
				CLANG_WARN_ENUM_CONVERSION = YES;
				CLANG_WARN_INFINITE_RECURSION = YES;
				CLANG_WARN_INT_CONVERSION = YES;
				CLANG_WARN_NON_LITERAL_NULL_CONVERSION = YES;
				CLANG_WARN_OBJC_IMPLICIT_RETAIN_SELF = YES;
				CLANG_WARN_OBJC_LITERAL_CONVERSION = YES;
				CLANG_WARN_OBJC_ROOT_CLASS = YES_ERROR;
				CLANG_WARN_RANGE_LOOP_ANALYSIS = YES;
				CLANG_WARN_STRICT_PROTOTYPES = YES;
				CLANG_WARN_SUSPICIOUS_MOVE = YES;
				CLANG_WARN_UNGUARDED_AVAILABILITY = YES_AGGRESSIVE;
				CLANG_WARN_UNREACHABLE_CODE = YES;
				CLANG_WARN__DUPLICATE_METHOD_MATCH = YES;
				CODE_SIGNING_ALLOWED = NO;
				CODE_SIGNING_REQUIRED = NO;
				COPY_PHASE_STRIP = NO;
				DEBUG_INFORMATION_FORMAT = dwarf;
				ENABLE_STRICT_OBJC_MSGSEND = YES;
				ENABLE_TESTABILITY = YES;
				GCC_C_LANGUAGE_STANDARD = gnu11;
				GCC_DYNAMIC_NO_PIC = NO;
				GCC_NO_COMMON_BLOCKS = YES;
				GCC_OPTIMIZATION_LEVEL = 0;
				GCC_PREPROCESSOR_DEFINITIONS = (
					"POD_CONFIGURATION_DEBUG=1",
					"DEBUG=1",
					"$(inherited)",
				);
				GCC_WARN_64_TO_32_BIT_CONVERSION = YES;
				GCC_WARN_ABOUT_RETURN_TYPE = YES_ERROR;
				GCC_WARN_UNDECLARED_SELECTOR = YES;
				GCC_WARN_UNINITIALIZED_AUTOS = YES_AGGRESSIVE;
				GCC_WARN_UNUSED_FUNCTION = YES;
				GCC_WARN_UNUSED_VARIABLE = YES;
				IPHONEOS_DEPLOYMENT_TARGET = 12.2;
				MTL_ENABLE_DEBUG_INFO = YES;
				ONLY_ACTIVE_ARCH = YES;
				PRODUCT_NAME = "$(TARGET_NAME)";
				STRIP_INSTALLED_PRODUCT = NO;
				SWIFT_ACTIVE_COMPILATION_CONDITIONS = DEBUG;
				SYMROOT = "${SRCROOT}/../build";
			};
			name = Debug;
		};
/* End XCBuildConfiguration section */

/* Begin XCConfigurationList section */
		2D8E8EC45A3A1A1D94AE762CB5028504 /* Build configuration list for PBXProject "Pods" */ = {
			isa = XCConfigurationList;
			buildConfigurations = (
				FEB52B20EEB50135A85E1727D4046F94 /* Debug */,
				FA39F93BCC98288C75B07575327D1A76 /* Release */,
			);
			defaultConfigurationIsVisible = 0;
			defaultConfigurationName = Release;
		};
		467F66413A02E9DF0186BA001388A35B /* Build configuration list for PBXNativeTarget "ZQAlterField" */ = {
			isa = XCConfigurationList;
			buildConfigurations = (
				B40761824F7B5E8224364E4604FFD89F /* Debug */,
				5D5913696E77DF8B520764D932E389B3 /* Release */,
			);
			defaultConfigurationIsVisible = 0;
			defaultConfigurationName = Release;
		};
		7C66CB3E04875BC1C255326C7ADB2D78 /* Build configuration list for PBXNativeTarget "MBProgressHUD" */ = {
			isa = XCConfigurationList;
			buildConfigurations = (
				AF7E506C324C754453D69E51EAFB5262 /* Debug */,
				6587187038F7F8842A53ED9818163867 /* Release */,
			);
			defaultConfigurationIsVisible = 0;
			defaultConfigurationName = Release;
		};
		E461BF61F8EB05D46F37E78FEA5EAE39 /* Build configuration list for PBXNativeTarget "Pods-BigSpatialData" */ = {
			isa = XCConfigurationList;
			buildConfigurations = (
				FD491F8E9754A3C562FE7B2CF7550B40 /* Debug */,
				C88242DEFC65754C812D5537274AFB42 /* Release */,
			);
			defaultConfigurationIsVisible = 0;
			defaultConfigurationName = Release;
		};
/* End XCConfigurationList section */
	};
	rootObject = D41D8CD98F00B204E9800998ECF8427E /* Project object */;
}
